// !$*UTF8*$!
{
	archiveVersion = 1;
	classes = {
	};
	objectVersion = 46;
	objects = {

/* Begin PBXBuildFile section */
		1770BC761E26276D0022EBF7 /* AppDelegate.swift in Sources */ = {isa = PBXBuildFile; fileRef = 1770BC751E26276D0022EBF7 /* AppDelegate.swift */; };
		1770BC781E26276D0022EBF7 /* ViewController.swift in Sources */ = {isa = PBXBuildFile; fileRef = 1770BC771E26276D0022EBF7 /* ViewController.swift */; };
		1770BC7B1E26276D0022EBF7 /* Main.storyboard in Resources */ = {isa = PBXBuildFile; fileRef = 1770BC791E26276D0022EBF7 /* Main.storyboard */; };
		1770BC7D1E26276D0022EBF7 /* Assets.xcassets in Resources */ = {isa = PBXBuildFile; fileRef = 1770BC7C1E26276D0022EBF7 /* Assets.xcassets */; };
		1770BC801E26276D0022EBF7 /* LaunchScreen.storyboard in Resources */ = {isa = PBXBuildFile; fileRef = 1770BC7E1E26276D0022EBF7 /* LaunchScreen.storyboard */; };
		1770BC881E2627A00022EBF7 /* FYSliderView.swift in Sources */ = {isa = PBXBuildFile; fileRef = 1770BC871E2627A00022EBF7 /* FYSliderView.swift */; };
		1770BC8A1E2628830022EBF7 /* FYContentViewStyle.swift in Sources */ = {isa = PBXBuildFile; fileRef = 1770BC891E2628830022EBF7 /* FYContentViewStyle.swift */; };
		1770BC8C1E2628990022EBF7 /* FYPageControl.swift in Sources */ = {isa = PBXBuildFile; fileRef = 1770BC8B1E2628990022EBF7 /* FYPageControl.swift */; };
		1770BC8E1E2628A20022EBF7 /* FYPageControlStyle.swift in Sources */ = {isa = PBXBuildFile; fileRef = 1770BC8D1E2628A20022EBF7 /* FYPageControlStyle.swift */; };
		1770BC901E2628BB0022EBF7 /* FYSliderViewCustomizable.swift in Sources */ = {isa = PBXBuildFile; fileRef = 1770BC8F1E2628BB0022EBF7 /* FYSliderViewCustomizable.swift */; };
		1770BC921E2628C60022EBF7 /* FYDataModel.swift in Sources */ = {isa = PBXBuildFile; fileRef = 1770BC911E2628C60022EBF7 /* FYDataModel.swift */; };
		1770BC951E262E290022EBF7 /* FYSliderViewCell.swift in Sources */ = {isa = PBXBuildFile; fileRef = 1770BC941E262E290022EBF7 /* FYSliderViewCell.swift */; };
		17E5D9791E276B9A005A4485 /* FYAnimatedLayer.swift in Sources */ = {isa = PBXBuildFile; fileRef = 17E5D9781E276B9A005A4485 /* FYAnimatedLayer.swift */; };
		5B29658DDBB1403D3ACECF1C /* Pods_FYSliderView.framework in Frameworks */ = {isa = PBXBuildFile; fileRef = 36A2744FB4CBF134DA74DA39 /* Pods_FYSliderView.framework */; };
/* End PBXBuildFile section */

/* Begin PBXFileReference section */
		1770BC721E26276D0022EBF7 /* FYSliderView.app */ = {isa = PBXFileReference; explicitFileType = wrapper.application; includeInIndex = 0; path = FYSliderView.app; sourceTree = BUILT_PRODUCTS_DIR; };
		1770BC751E26276D0022EBF7 /* AppDelegate.swift */ = {isa = PBXFileReference; lastKnownFileType = sourcecode.swift; path = AppDelegate.swift; sourceTree = "<group>"; };
		1770BC771E26276D0022EBF7 /* ViewController.swift */ = {isa = PBXFileReference; lastKnownFileType = sourcecode.swift; path = ViewController.swift; sourceTree = "<group>"; };
		1770BC7A1E26276D0022EBF7 /* Base */ = {isa = PBXFileReference; lastKnownFileType = file.storyboard; name = Base; path = Base.lproj/Main.storyboard; sourceTree = "<group>"; };
		1770BC7C1E26276D0022EBF7 /* Assets.xcassets */ = {isa = PBXFileReference; lastKnownFileType = folder.assetcatalog; path = Assets.xcassets; sourceTree = "<group>"; };
		1770BC7F1E26276D0022EBF7 /* Base */ = {isa = PBXFileReference; lastKnownFileType = file.storyboard; name = Base; path = Base.lproj/LaunchScreen.storyboard; sourceTree = "<group>"; };
		1770BC811E26276D0022EBF7 /* Info.plist */ = {isa = PBXFileReference; lastKnownFileType = text.plist.xml; path = Info.plist; sourceTree = "<group>"; };
		1770BC871E2627A00022EBF7 /* FYSliderView.swift */ = {isa = PBXFileReference; fileEncoding = 4; lastKnownFileType = sourcecode.swift; path = FYSliderView.swift; sourceTree = "<group>"; };
		1770BC891E2628830022EBF7 /* FYContentViewStyle.swift */ = {isa = PBXFileReference; fileEncoding = 4; lastKnownFileType = sourcecode.swift; path = FYContentViewStyle.swift; sourceTree = "<group>"; };
		1770BC8B1E2628990022EBF7 /* FYPageControl.swift */ = {isa = PBXFileReference; fileEncoding = 4; lastKnownFileType = sourcecode.swift; path = FYPageControl.swift; sourceTree = "<group>"; };
		1770BC8D1E2628A20022EBF7 /* FYPageControlStyle.swift */ = {isa = PBXFileReference; fileEncoding = 4; lastKnownFileType = sourcecode.swift; path = FYPageControlStyle.swift; sourceTree = "<group>"; };
		1770BC8F1E2628BB0022EBF7 /* FYSliderViewCustomizable.swift */ = {isa = PBXFileReference; fileEncoding = 4; lastKnownFileType = sourcecode.swift; path = FYSliderViewCustomizable.swift; sourceTree = "<group>"; };
		1770BC911E2628C60022EBF7 /* FYDataModel.swift */ = {isa = PBXFileReference; fileEncoding = 4; lastKnownFileType = sourcecode.swift; path = FYDataModel.swift; sourceTree = "<group>"; };
		1770BC941E262E290022EBF7 /* FYSliderViewCell.swift */ = {isa = PBXFileReference; fileEncoding = 4; lastKnownFileType = sourcecode.swift; path = FYSliderViewCell.swift; sourceTree = "<group>"; };
		17E5D9781E276B9A005A4485 /* FYAnimatedLayer.swift */ = {isa = PBXFileReference; fileEncoding = 4; lastKnownFileType = sourcecode.swift; path = FYAnimatedLayer.swift; sourceTree = "<group>"; };
		36A2744FB4CBF134DA74DA39 /* Pods_FYSliderView.framework */ = {isa = PBXFileReference; explicitFileType = wrapper.framework; includeInIndex = 0; path = Pods_FYSliderView.framework; sourceTree = BUILT_PRODUCTS_DIR; };
		71E2B2EFA57C3E92553865F5 /* Pods-FYSliderView.release.xcconfig */ = {isa = PBXFileReference; includeInIndex = 1; lastKnownFileType = text.xcconfig; name = "Pods-FYSliderView.release.xcconfig"; path = "Pods/Target Support Files/Pods-FYSliderView/Pods-FYSliderView.release.xcconfig"; sourceTree = "<group>"; };
		C015B26682C1249A5FC1879C /* Pods-FYSliderView.debug.xcconfig */ = {isa = PBXFileReference; includeInIndex = 1; lastKnownFileType = text.xcconfig; name = "Pods-FYSliderView.debug.xcconfig"; path = "Pods/Target Support Files/Pods-FYSliderView/Pods-FYSliderView.debug.xcconfig"; sourceTree = "<group>"; };
/* End PBXFileReference section */

/* Begin PBXFrameworksBuildPhase section */
		1770BC6F1E26276D0022EBF7 /* Frameworks */ = {
			isa = PBXFrameworksBuildPhase;
			buildActionMask = 2147483647;
			files = (
				5B29658DDBB1403D3ACECF1C /* Pods_FYSliderView.framework in Frameworks */,
			);
			runOnlyForDeploymentPostprocessing = 0;
		};
/* End PBXFrameworksBuildPhase section */

/* Begin PBXGroup section */
		1770BC691E26276D0022EBF7 = {
			isa = PBXGroup;
			children = (
				1770BC741E26276D0022EBF7 /* FYSliderView */,
				1770BC731E26276D0022EBF7 /* Products */,
				ADD41B8CABDC1E307BBD178A /* Pods */,
				99B35295D600CD5F4851B1A4 /* Frameworks */,
			);
			sourceTree = "<group>";
		};
		1770BC731E26276D0022EBF7 /* Products */ = {
			isa = PBXGroup;
			children = (
				1770BC721E26276D0022EBF7 /* FYSliderView.app */,
			);
			name = Products;
			sourceTree = "<group>";
		};
		1770BC741E26276D0022EBF7 /* FYSliderView */ = {
			isa = PBXGroup;
			children = (
				1770BC751E26276D0022EBF7 /* AppDelegate.swift */,
				1770BC771E26276D0022EBF7 /* ViewController.swift */,
				1770BC931E2628E10022EBF7 /* FYSliderView */,
				1770BC791E26276D0022EBF7 /* Main.storyboard */,
				1770BC7C1E26276D0022EBF7 /* Assets.xcassets */,
				1770BC7E1E26276D0022EBF7 /* LaunchScreen.storyboard */,
				1770BC811E26276D0022EBF7 /* Info.plist */,
			);
			path = FYSliderView;
			sourceTree = "<group>";
		};
		1770BC931E2628E10022EBF7 /* FYSliderView */ = {
			isa = PBXGroup;
			children = (
				1770BC871E2627A00022EBF7 /* FYSliderView.swift */,
				1770BC941E262E290022EBF7 /* FYSliderViewCell.swift */,
				1770BC891E2628830022EBF7 /* FYContentViewStyle.swift */,
				1770BC8B1E2628990022EBF7 /* FYPageControl.swift */,
				17E5D9781E276B9A005A4485 /* FYAnimatedLayer.swift */,
				1770BC8D1E2628A20022EBF7 /* FYPageControlStyle.swift */,
				1770BC8F1E2628BB0022EBF7 /* FYSliderViewCustomizable.swift */,
				1770BC911E2628C60022EBF7 /* FYDataModel.swift */,
			);
			name = FYSliderView;
			sourceTree = "<group>";
		};
		99B35295D600CD5F4851B1A4 /* Frameworks */ = {
			isa = PBXGroup;
			children = (
				36A2744FB4CBF134DA74DA39 /* Pods_FYSliderView.framework */,
			);
			name = Frameworks;
			sourceTree = "<group>";
		};
		ADD41B8CABDC1E307BBD178A /* Pods */ = {
			isa = PBXGroup;
			children = (
				C015B26682C1249A5FC1879C /* Pods-FYSliderView.debug.xcconfig */,
				71E2B2EFA57C3E92553865F5 /* Pods-FYSliderView.release.xcconfig */,
			);
			name = Pods;
			sourceTree = "<group>";
		};
/* End PBXGroup section */

/* Begin PBXNativeTarget section */
		1770BC711E26276D0022EBF7 /* FYSliderView */ = {
			isa = PBXNativeTarget;
			buildConfigurationList = 1770BC841E26276D0022EBF7 /* Build configuration list for PBXNativeTarget "FYSliderView" */;
			buildPhases = (
				02698E6BAEF44C40A83599C9 /* [CP] Check Pods Manifest.lock */,
				1770BC6E1E26276D0022EBF7 /* Sources */,
				1770BC6F1E26276D0022EBF7 /* Frameworks */,
				1770BC701E26276D0022EBF7 /* Resources */,
				8D9B656DC036535E06024E6C /* [CP] Embed Pods Frameworks */,
				62FBE772AFCE04DE012F654C /* [CP] Copy Pods Resources */,
			);
			buildRules = (
			);
			dependencies = (
			);
			name = FYSliderView;
			productName = FYSliderView;
			productReference = 1770BC721E26276D0022EBF7 /* FYSliderView.app */;
			productType = "com.apple.product-type.application";
		};
/* End PBXNativeTarget section */

/* Begin PBXProject section */
		1770BC6A1E26276D0022EBF7 /* Project object */ = {
			isa = PBXProject;
			attributes = {
				LastSwiftUpdateCheck = 0820;
				LastUpgradeCheck = 0820;
				ORGANIZATIONNAME = "武飞跃";
				TargetAttributes = {
					1770BC711E26276D0022EBF7 = {
						CreatedOnToolsVersion = 8.2.1;
						DevelopmentTeam = 6Z3H4837E8;
						ProvisioningStyle = Automatic;
					};
				};
			};
			buildConfigurationList = 1770BC6D1E26276D0022EBF7 /* Build configuration list for PBXProject "FYSliderView" */;
			compatibilityVersion = "Xcode 3.2";
			developmentRegion = English;
			hasScannedForEncodings = 0;
			knownRegions = (
				en,
				Base,
			);
			mainGroup = 1770BC691E26276D0022EBF7;
			productRefGroup = 1770BC731E26276D0022EBF7 /* Products */;
			projectDirPath = "";
			projectRoot = "";
			targets = (
				1770BC711E26276D0022EBF7 /* FYSliderView */,
			);
		};
/* End PBXProject section */

/* Begin PBXResourcesBuildPhase section */
		1770BC701E26276D0022EBF7 /* Resources */ = {
			isa = PBXResourcesBuildPhase;
			buildActionMask = 2147483647;
			files = (
				1770BC801E26276D0022EBF7 /* LaunchScreen.storyboard in Resources */,
				1770BC7D1E26276D0022EBF7 /* Assets.xcassets in Resources */,
				1770BC7B1E26276D0022EBF7 /* Main.storyboard in Resources */,
			);
			runOnlyForDeploymentPostprocessing = 0;
		};
/* End PBXResourcesBuildPhase section */

/* Begin PBXShellScriptBuildPhase section */
		02698E6BAEF44C40A83599C9 /* [CP] Check Pods Manifest.lock */ = {
			isa = PBXShellScriptBuildPhase;
			buildActionMask = 2147483647;
			files = (
			);
			inputPaths = (
			);
			name = "[CP] Check Pods Manifest.lock";
			outputPaths = (
			);
			runOnlyForDeploymentPostprocessing = 0;
			shellPath = /bin/sh;
			shellScript = "diff \"${PODS_ROOT}/../Podfile.lock\" \"${PODS_ROOT}/Manifest.lock\" > /dev/null\nif [ $? != 0 ] ; then\n    # print error to STDERR\n    echo \"error: The sandbox is not in sync with the Podfile.lock. Run 'pod install' or update your CocoaPods installation.\" >&2\n    exit 1\nfi\n";
			showEnvVarsInLog = 0;
		};
		62FBE772AFCE04DE012F654C /* [CP] Copy Pods Resources */ = {
			isa = PBXShellScriptBuildPhase;
			buildActionMask = 2147483647;
			files = (
			);
			inputPaths = (
			);
			name = "[CP] Copy Pods Resources";
			outputPaths = (
			);
			runOnlyForDeploymentPostprocessing = 0;
			shellPath = /bin/sh;
			shellScript = "\"${SRCROOT}/Pods/Target Support Files/Pods-FYSliderView/Pods-FYSliderView-resources.sh\"\n";
			showEnvVarsInLog = 0;
		};
		8D9B656DC036535E06024E6C /* [CP] Embed Pods Frameworks */ = {
			isa = PBXShellScriptBuildPhase;
			buildActionMask = 2147483647;
			files = (
			);
			inputPaths = (
			);
			name = "[CP] Embed Pods Frameworks";
			outputPaths = (
			);
			runOnlyForDeploymentPostprocessing = 0;
			shellPath = /bin/sh;
			shellScript = "\"${SRCROOT}/Pods/Target Support Files/Pods-FYSliderView/Pods-FYSliderView-frameworks.sh\"\n";
			showEnvVarsInLog = 0;
		};
/* End PBXShellScriptBuildPhase section */

/* Begin PBXSourcesBuildPhase section */
		1770BC6E1E26276D0022EBF7 /* Sources */ = {
			isa = PBXSourcesBuildPhase;
			buildActionMask = 2147483647;
			files = (
				1770BC781E26276D0022EBF7 /* ViewController.swift in Sources */,
				1770BC8E1E2628A20022EBF7 /* FYPageControlStyle.swift in Sources */,
				1770BC8A1E2628830022EBF7 /* FYContentViewStyle.swift in Sources */,
				17E5D9791E276B9A005A4485 /* FYAnimatedLayer.swift in Sources */,
				1770BC901E2628BB0022EBF7 /* FYSliderViewCustomizable.swift in Sources */,
				1770BC761E26276D0022EBF7 /* AppDelegate.swift in Sources */,
				1770BC881E2627A00022EBF7 /* FYSliderView.swift in Sources */,
				1770BC921E2628C60022EBF7 /* FYDataModel.swift in Sources */,
				1770BC8C1E2628990022EBF7 /* FYPageControl.swift in Sources */,
				1770BC951E262E290022EBF7 /* FYSliderViewCell.swift in Sources */,
			);
			runOnlyForDeploymentPostprocessing = 0;
		};
/* End PBXSourcesBuildPhase section */

/* Begin PBXVariantGroup section */
		1770BC791E26276D0022EBF7 /* Main.storyboard */ = {
			isa = PBXVariantGroup;
			children = (
				1770BC7A1E26276D0022EBF7 /* Base */,
			);
			name = Main.storyboard;
			sourceTree = "<group>";
		};
		1770BC7E1E26276D0022EBF7 /* LaunchScreen.storyboard */ = {
			isa = PBXVariantGroup;
			children = (
				1770BC7F1E26276D0022EBF7 /* Base */,
			);
			name = LaunchScreen.storyboard;
			sourceTree = "<group>";
		};
/* End PBXVariantGroup section */

/* Begin XCBuildConfiguration section */
		1770BC821E26276D0022EBF7 /* Debug */ = {
			isa = XCBuildConfiguration;
			buildSettings = {
				ALWAYS_SEARCH_USER_PATHS = NO;
				CLANG_ANALYZER_NONNULL = YES;
				CLANG_CXX_LANGUAGE_STANDARD = "gnu++0x";
				CLANG_CXX_LIBRARY = "libc++";
				CLANG_ENABLE_MODULES = YES;
				CLANG_ENABLE_OBJC_ARC = YES;
				CLANG_WARN_BOOL_CONVERSION = YES;
				CLANG_WARN_CONSTANT_CONVERSION = YES;
				CLANG_WARN_DIRECT_OBJC_ISA_USAGE = YES_ERROR;
				CLANG_WARN_DOCUMENTATION_COMMENTS = YES;
				CLANG_WARN_EMPTY_BODY = YES;
				CLANG_WARN_ENUM_CONVERSION = YES;
				CLANG_WARN_INFINITE_RECURSION = YES;
				CLANG_WARN_INT_CONVERSION = YES;
				CLANG_WARN_OBJC_ROOT_CLASS = YES_ERROR;
				CLANG_WARN_SUSPICIOUS_MOVE = YES;
				CLANG_WARN_UNREACHABLE_CODE = YES;
				CLANG_WARN__DUPLICATE_METHOD_MATCH = YES;
				"CODE_SIGN_IDENTITY[sdk=iphoneos*]" = "iPhone Developer";
				COPY_PHASE_STRIP = NO;
				DEBUG_INFORMATION_FORMAT = dwarf;
				ENABLE_STRICT_OBJC_MSGSEND = YES;
				ENABLE_TESTABILITY = YES;
				GCC_C_LANGUAGE_STANDARD = gnu99;
				GCC_DYNAMIC_NO_PIC = NO;
				GCC_NO_COMMON_BLOCKS = YES;
				GCC_OPTIMIZATION_LEVEL = 0;
				GCC_PREPROCESSOR_DEFINITIONS = (
					"DEBUG=1",
					"$(inherited)",
				);
				GCC_WARN_64_TO_32_BIT_CONVERSION = YES;
				GCC_WARN_ABOUT_RETURN_TYPE = YES_ERROR;
				GCC_WARN_UNDECLARED_SELECTOR = YES;
				GCC_WARN_UNINITIALIZED_AUTOS = YES_AGGRESSIVE;
				GCC_WARN_UNUSED_FUNCTION = YES;
				GCC_WARN_UNUSED_VARIABLE = YES;
				IPHONEOS_DEPLOYMENT_TARGET = 10.2;
				MTL_ENABLE_DEBUG_INFO = YES;
				ONLY_ACTIVE_ARCH = YES;
				SDKROOT = iphoneos;
				SWIFT_ACTIVE_COMPILATION_CONDITIONS = DEBUG;
				SWIFT_OPTIMIZATION_LEVEL = "-Onone";
			};
			name = Debug;
		};
		1770BC831E26276D0022EBF7 /* Release */ = {
			isa = XCBuildConfiguration;
			buildSettings = {
				ALWAYS_SEARCH_USER_PATHS = NO;
				CLANG_ANALYZER_NONNULL = YES;
				CLANG_CXX_LANGUAGE_STANDARD = "gnu++0x";
				CLANG_CXX_LIBRARY = "libc++";
				CLANG_ENABLE_MODULES = YES;
				CLANG_ENABLE_OBJC_ARC = YES;
				CLANG_WARN_BOOL_CONVERSION = YES;
				CLANG_WARN_CONSTANT_CONVERSION = YES;
				CLANG_WARN_DIRECT_OBJC_ISA_USAGE = YES_ERROR;
				CLANG_WARN_DOCUMENTATION_COMMENTS = YES;
				CLANG_WARN_EMPTY_BODY = YES;
				CLANG_WARN_ENUM_CONVERSION = YES;
				CLANG_WARN_INFINITE_RECURSION = YES;
				CLANG_WARN_INT_CONVERSION = YES;
				CLANG_WARN_OBJC_ROOT_CLASS = YES_ERROR;
				CLANG_WARN_SUSPICIOUS_MOVE = YES;
				CLANG_WARN_UNREACHABLE_CODE = YES;
				CLANG_WARN__DUPLICATE_METHOD_MATCH = YES;
				"CODE_SIGN_IDENTITY[sdk=iphoneos*]" = "iPhone Developer";
				COPY_PHASE_STRIP = NO;
				DEBUG_INFORMATION_FORMAT = "dwarf-with-dsym";
				ENABLE_NS_ASSERTIONS = NO;
				ENABLE_STRICT_OBJC_MSGSEND = YES;
				GCC_C_LANGUAGE_STANDARD = gnu99;
				GCC_NO_COMMON_BLOCKS = YES;
				GCC_WARN_64_TO_32_BIT_CONVERSION = YES;
				GCC_WARN_ABOUT_RETURN_TYPE = YES_ERROR;
				GCC_WARN_UNDECLARED_SELECTOR = YES;
				GCC_WARN_UNINITIALIZED_AUTOS = YES_AGGRESSIVE;
				GCC_WARN_UNUSED_FUNCTION = YES;
				GCC_WARN_UNUSED_VARIABLE = YES;
				IPHONEOS_DEPLOYMENT_TARGET = 10.2;
				MTL_ENABLE_DEBUG_INFO = NO;
				SDKROOT = iphoneos;
				SWIFT_OPTIMIZATION_LEVEL = "-Owholemodule";
				VALIDATE_PRODUCT = YES;
			};
			name = Release;
		};
		1770BC851E26276D0022EBF7 /* Debug */ = {
			isa = XCBuildConfiguration;
			baseConfigurationReference = C015B26682C1249A5FC1879C /* Pods-FYSliderView.debug.xcconfig */;
			buildSettings = {
				ALWAYS_EMBED_SWIFT_STANDARD_LIBRARIES = YES;
				ASSETCATALOG_COMPILER_APPICON_NAME = AppIcon;
				DEVELOPMENT_TEAM = 6Z3H4837E8;
				INFOPLIST_FILE = FYSliderView/Info.plist;
				LD_RUNPATH_SEARCH_PATHS = "$(inherited) @executable_path/Frameworks";
				PRODUCT_BUNDLE_IDENTIFIER = RG.FYSliderView;
				PRODUCT_NAME = "$(TARGET_NAME)";
				SWIFT_VERSION = 3.0;
			};
			name = Debug;
		};
		1770BC861E26276D0022EBF7 /* Release */ = {
			isa = XCBuildConfiguration;
			baseConfigurationReference = 71E2B2EFA57C3E92553865F5 /* Pods-FYSliderView.release.xcconfig */;
			buildSettings = {
				ALWAYS_EMBED_SWIFT_STANDARD_LIBRARIES = YES;
				ASSETCATALOG_COMPILER_APPICON_NAME = AppIcon;
				DEVELOPMENT_TEAM = 6Z3H4837E8;
				INFOPLIST_FILE = FYSliderView/Info.plist;
				LD_RUNPATH_SEARCH_PATHS = "$(inherited) @executable_path/Frameworks";
				PRODUCT_BUNDLE_IDENTIFIER = RG.FYSliderView;
				PRODUCT_NAME = "$(TARGET_NAME)";
				SWIFT_VERSION = 3.0;
			};
			name = Release;
		};
/* End XCBuildConfiguration section */

/* Begin XCConfigurationList section */
		1770BC6D1E26276D0022EBF7 /* Build configuration list for PBXProject "FYSliderView" */ = {
			isa = XCConfigurationList;
			buildConfigurations = (
				1770BC821E26276D0022EBF7 /* Debug */,
				1770BC831E26276D0022EBF7 /* Release */,
			);
			defaultConfigurationIsVisible = 0;
			defaultConfigurationName = Release;
		};
		1770BC841E26276D0022EBF7 /* Build configuration list for PBXNativeTarget "FYSliderView" */ = {
			isa = XCConfigurationList;
			buildConfigurations = (
				1770BC851E26276D0022EBF7 /* Debug */,
				1770BC861E26276D0022EBF7 /* Release */,
			);
			defaultConfigurationIsVisible = 0;
			defaultConfigurationName = Release;
		};
/* End XCConfigurationList section */
	};
	rootObject = 1770BC6A1E26276D0022EBF7 /* Project object */;
}
